
Microsoft Visual Studio Solution File, Format Version 12.00
# Visual Studio 15
VisualStudioVersion = 15.0.27703.2018
MinimumVisualStudioVersion = 10.0.40219.1
Project("{FAE04EC0-301F-11D3-BF4B-00C04F79EFBC}") = "CustomDrillThrough", "CustomDrillThrough\CustomDrillThrough.csproj", "{D5FDBEB2-C220-4BBB-8E5F-1CA01039C5A9}"
EndProject
Global
	GlobalSection(SolutionConfigurationPlatforms) = preSolution
		Debug|x86 = Debug|x86
		Release|x86 = Release|x86
	EndGlobalSection
	GlobalSection(ProjectConfigurationPlatforms) = postSolution
		{D5FDBEB2-C220-4BBB-8E5F-1CA01039C5A9}.Debug|x86.ActiveCfg = Debug|x86
		{D5FDBEB2-C220-4BBB-8E5F-1CA01039C5A9}.Debug|x86.Build.0 = Debug|x86
		{D5FDBEB2-C220-4BBB-8E5F-1CA01039C5A9}.Release|x86.ActiveCfg = Release|x86
		{D5FDBEB2-C220-4BBB-8E5F-1CA01039C5A9}.Release|x86.Build.0 = Release|x86
	EndGlobalSection
	GlobalSection(SolutionProperties) = preSolution
		HideSolutionNode = FALSE
	EndGlobalSection
	GlobalSection(ExtensibilityGlobals) = postSolution
		SolutionGuid = {8E4A10BD-AF1B-4526-83D0-9894AAF1EBDB}
	EndGlobalSection
EndGlobal
