
Microsoft Visual Studio Solution File, Format Version 12.00
# Visual Studio 15
VisualStudioVersion = 15.0.28307.645
MinimumVisualStudioVersion = 10.0.40219.1
Project("{FAE04EC0-301F-11D3-BF4B-00C04F79EFBC}") = "OleDbDataSource", "OleDbDataSource\OleDbDataSource.csproj", "{01F14E9A-6E72-41D1-AF83-B190021438F9}"
EndProject
Global
	GlobalSection(SolutionConfigurationPlatforms) = preSolution
		Debug|x86 = Debug|x86
		Release|x86 = Release|x86
	EndGlobalSection
	GlobalSection(ProjectConfigurationPlatforms) = postSolution
		{01F14E9A-6E72-41D1-AF83-B190021438F9}.Debug|x86.ActiveCfg = Debug|x86
		{01F14E9A-6E72-41D1-AF83-B190021438F9}.Debug|x86.Build.0 = Debug|x86
		{01F14E9A-6E72-41D1-AF83-B190021438F9}.Release|x86.ActiveCfg = Release|x86
		{01F14E9A-6E72-41D1-AF83-B190021438F9}.Release|x86.Build.0 = Release|x86
	EndGlobalSection
	GlobalSection(SolutionProperties) = preSolution
		HideSolutionNode = FALSE
	EndGlobalSection
	GlobalSection(ExtensibilityGlobals) = postSolution
		SolutionGuid = {2573813B-8443-4CE5-A63C-A3B7CCB9B958}
	EndGlobalSection
EndGlobal
