
Microsoft Visual Studio Solution File, Format Version 12.00
# Visual Studio 2012

Project("{F184B08F-C81C-45F6-A57F-5ABD9991F28F}") = "StyleSheets", "Stylesheets\StyleSheets.vbproj", "{85D6D806-1FCE-4756-BAA5-1DE9814A6F47}"
EndProject
Global
	GlobalSection(SolutionConfigurationPlatforms) = preSolution
		Debug|x86 = Debug|x86
		Release|x86 = Release|x86
	EndGlobalSection
	GlobalSection(ProjectConfigurationPlatforms) = postSolution
		{85D6D806-1FCE-4756-BAA5-1DE9814A6F47}.Debug|x86.ActiveCfg = Debug|x86
		{85D6D806-1FCE-4756-BAA5-1DE9814A6F47}.Debug|x86.Build.0 = Debug|x86
		{85D6D806-1FCE-4756-BAA5-1DE9814A6F47}.Release|x86.ActiveCfg = Release|x86
		{85D6D806-1FCE-4756-BAA5-1DE9814A6F47}.Release|x86.Build.0 = Release|x86
	EndGlobalSection
	GlobalSection(SolutionProperties) = preSolution
		HideSolutionNode = FALSE
	EndGlobalSection
EndGlobal
