
Microsoft Visual Studio Solution File, Format Version 12.00
# Visual Studio 2012

Project("{F184B08F-C81C-45F6-A57F-5ABD9991F28F}") = "XML", "XML\XML.vbproj", "{8617CA80-45C4-47EC-B916-FC403AE8AA2C}"
EndProject
Global
	GlobalSection(SolutionConfigurationPlatforms) = preSolution
		Debug|x86 = Debug|x86
		Release|x86 = Release|x86
	EndGlobalSection
	GlobalSection(ProjectConfigurationPlatforms) = postSolution
		{8617CA80-45C4-47EC-B916-FC403AE8AA2C}.Debug|x86.ActiveCfg = Debug|x86
		{8617CA80-45C4-47EC-B916-FC403AE8AA2C}.Debug|x86.Build.0 = Debug|x86
		{8617CA80-45C4-47EC-B916-FC403AE8AA2C}.Release|x86.ActiveCfg = Release|x86
		{8617CA80-45C4-47EC-B916-FC403AE8AA2C}.Release|x86.Build.0 = Release|x86
	EndGlobalSection
	GlobalSection(SolutionProperties) = preSolution
		HideSolutionNode = FALSE
	EndGlobalSection
EndGlobal
